
Microsoft Visual Studio Solution File, Format Version 12.00
# Visual Studio Version 16
VisualStudioVersion = 16.0.30114.105
MinimumVisualStudioVersion = 10.0.40219.1
Project("{00D1A9C2-B5F0-4AF3-8072-F6C62B433612}") = "MSSQLDatabase", "MSSQLDatabase\MSSQLDatabase.sqlproj", "{744C1A3F-5FC9-4B0D-BE83-7004551916F2}"
EndProject
Project("{9A19103F-16F7-4668-BE54-9A1E7A4F7556}") = "SGSApi", "SGSApi\SGSApi.csproj", "{19D87E93-6746-4EF9-AEB2-EA4EAAE9BC0C}"
EndProject
Project("{9A19103F-16F7-4668-BE54-9A1E7A4F7556}") = "SGSApi.ClientLibrary", "SGSApi.ClientLibrary\SGSApi.ClientLibrary.csproj", "{7D0D600D-C40D-41BF-99BA-055D95A3E226}"
EndProject
Global
	GlobalSection(SolutionConfigurationPlatforms) = preSolution
		Debug|Any CPU = Debug|Any CPU
		Release|Any CPU = Release|Any CPU
		Tools|Any CPU = Tools|Any CPU
	EndGlobalSection
	GlobalSection(ProjectConfigurationPlatforms) = postSolution
		{744C1A3F-5FC9-4B0D-BE83-7004551916F2}.Debug|Any CPU.ActiveCfg = Debug|Any CPU
		{744C1A3F-5FC9-4B0D-BE83-7004551916F2}.Debug|Any CPU.Build.0 = Debug|Any CPU
		{744C1A3F-5FC9-4B0D-BE83-7004551916F2}.Debug|Any CPU.Deploy.0 = Debug|Any CPU
		{744C1A3F-5FC9-4B0D-BE83-7004551916F2}.Release|Any CPU.ActiveCfg = Release|Any CPU
		{744C1A3F-5FC9-4B0D-BE83-7004551916F2}.Release|Any CPU.Build.0 = Release|Any CPU
		{744C1A3F-5FC9-4B0D-BE83-7004551916F2}.Release|Any CPU.Deploy.0 = Release|Any CPU
		{744C1A3F-5FC9-4B0D-BE83-7004551916F2}.Tools|Any CPU.ActiveCfg = Release|Any CPU
		{744C1A3F-5FC9-4B0D-BE83-7004551916F2}.Tools|Any CPU.Build.0 = Release|Any CPU
		{744C1A3F-5FC9-4B0D-BE83-7004551916F2}.Tools|Any CPU.Deploy.0 = Release|Any CPU
		{19D87E93-6746-4EF9-AEB2-EA4EAAE9BC0C}.Debug|Any CPU.ActiveCfg = Debug|Any CPU
		{19D87E93-6746-4EF9-AEB2-EA4EAAE9BC0C}.Debug|Any CPU.Build.0 = Debug|Any CPU
		{19D87E93-6746-4EF9-AEB2-EA4EAAE9BC0C}.Release|Any CPU.ActiveCfg = Release|Any CPU
		{19D87E93-6746-4EF9-AEB2-EA4EAAE9BC0C}.Release|Any CPU.Build.0 = Release|Any CPU
		{19D87E93-6746-4EF9-AEB2-EA4EAAE9BC0C}.Tools|Any CPU.ActiveCfg = Debug|Any CPU
		{19D87E93-6746-4EF9-AEB2-EA4EAAE9BC0C}.Tools|Any CPU.Build.0 = Debug|Any CPU
		{7D0D600D-C40D-41BF-99BA-055D95A3E226}.Debug|Any CPU.ActiveCfg = Debug|Any CPU
		{7D0D600D-C40D-41BF-99BA-055D95A3E226}.Debug|Any CPU.Build.0 = Debug|Any CPU
		{7D0D600D-C40D-41BF-99BA-055D95A3E226}.Release|Any CPU.ActiveCfg = Release|Any CPU
		{7D0D600D-C40D-41BF-99BA-055D95A3E226}.Release|Any CPU.Build.0 = Release|Any CPU
		{7D0D600D-C40D-41BF-99BA-055D95A3E226}.Tools|Any CPU.ActiveCfg = Debug|Any CPU
		{7D0D600D-C40D-41BF-99BA-055D95A3E226}.Tools|Any CPU.Build.0 = Debug|Any CPU
	EndGlobalSection
	GlobalSection(SolutionProperties) = preSolution
		HideSolutionNode = FALSE
	EndGlobalSection
	GlobalSection(ExtensibilityGlobals) = postSolution
		SolutionGuid = {9BF2FD16-2BAA-4C29-AA2A-DAFD9DDE3FAB}
	EndGlobalSection
EndGlobal
