
Microsoft Visual Studio Solution File, Format Version 12.00
# Visual Studio Version 16
VisualStudioVersion = 16.0.30114.105
MinimumVisualStudioVersion = 10.0.40219.1
Project("{00D1A9C2-B5F0-4AF3-8072-F6C62B433612}") = "MSSQLDatabase", "MSSQLDatabase\MSSQLDatabase.sqlproj", "{744C1A3F-5FC9-4B0D-BE83-7004551916F2}"
EndProject
Project("{FAE04EC0-301F-11D3-BF4B-00C04F79EFBC}") = "Platformer", "Platformer\Platformer.csproj", "{564DE25D-78DB-4462-A83A-1F665E0B7E06}"
EndProject
Global
	GlobalSection(SolutionConfigurationPlatforms) = preSolution
		Debug|Any CPU = Debug|Any CPU
		Release|Any CPU = Release|Any CPU
		Tools|Any CPU = Tools|Any CPU
	EndGlobalSection
	GlobalSection(ProjectConfigurationPlatforms) = postSolution
		{744C1A3F-5FC9-4B0D-BE83-7004551916F2}.Debug|Any CPU.ActiveCfg = Debug|Any CPU
		{744C1A3F-5FC9-4B0D-BE83-7004551916F2}.Debug|Any CPU.Build.0 = Debug|Any CPU
		{744C1A3F-5FC9-4B0D-BE83-7004551916F2}.Debug|Any CPU.Deploy.0 = Debug|Any CPU
		{744C1A3F-5FC9-4B0D-BE83-7004551916F2}.Release|Any CPU.ActiveCfg = Release|Any CPU
		{744C1A3F-5FC9-4B0D-BE83-7004551916F2}.Release|Any CPU.Build.0 = Release|Any CPU
		{744C1A3F-5FC9-4B0D-BE83-7004551916F2}.Release|Any CPU.Deploy.0 = Release|Any CPU
		{744C1A3F-5FC9-4B0D-BE83-7004551916F2}.Tools|Any CPU.ActiveCfg = Release|Any CPU
		{744C1A3F-5FC9-4B0D-BE83-7004551916F2}.Tools|Any CPU.Build.0 = Release|Any CPU
		{744C1A3F-5FC9-4B0D-BE83-7004551916F2}.Tools|Any CPU.Deploy.0 = Release|Any CPU
		{564DE25D-78DB-4462-A83A-1F665E0B7E06}.Debug|Any CPU.ActiveCfg = Debug|Any CPU
		{564DE25D-78DB-4462-A83A-1F665E0B7E06}.Debug|Any CPU.Build.0 = Debug|Any CPU
		{564DE25D-78DB-4462-A83A-1F665E0B7E06}.Release|Any CPU.ActiveCfg = Release|Any CPU
		{564DE25D-78DB-4462-A83A-1F665E0B7E06}.Release|Any CPU.Build.0 = Release|Any CPU
		{564DE25D-78DB-4462-A83A-1F665E0B7E06}.Tools|Any CPU.ActiveCfg = Tools|Any CPU
		{564DE25D-78DB-4462-A83A-1F665E0B7E06}.Tools|Any CPU.Build.0 = Tools|Any CPU
	EndGlobalSection
	GlobalSection(SolutionProperties) = preSolution
		HideSolutionNode = FALSE
	EndGlobalSection
	GlobalSection(ExtensibilityGlobals) = postSolution
		SolutionGuid = {9BF2FD16-2BAA-4C29-AA2A-DAFD9DDE3FAB}
	EndGlobalSection
EndGlobal
